lockfileVersion: '9.0'

settings:
  autoInstallPeers: true
  excludeLinksFromLockfile: false

importers:

  .:
    devDependencies:
      '@rslib/core':
        specifier: ^0.1.4
        version: 0.1.4(typescript@5.7.2)
      '@types/node':
        specifier: ^22.8.1
        version: 22.10.2
      axios:
        specifier: ^1.7.9
        version: 1.7.9
      typescript:
        specifier: ^5.6.3
        version: 5.7.2
      vue:
        specifier: ^3.5.13
        version: 3.5.13(typescript@5.7.2)

packages:

  '@babel/helper-string-parser@7.25.9':
    resolution: {integrity: sha512-4A/SCr/2KLd5jrtOMFzaKjVtAei3+2r/NChoBNoZ3EyP/+GlhoaEGoWOZUmFmoITP7zOJyHIMm+DYRd8o3PvHA==}
    engines: {node: '>=6.9.0'}

  '@babel/helper-validator-identifier@7.25.9':
    resolution: {integrity: sha512-Ed61U6XJc3CVRfkERJWDz4dJwKe7iLmmJsbOGu9wSloNSFttHV0I8g6UAgb7qnK5ly5bGLPd4oXZlxCdANBOWQ==}
    engines: {node: '>=6.9.0'}

  '@babel/parser@7.26.3':
    resolution: {integrity: sha512-WJ/CvmY8Mea8iDXo6a7RK2wbmJITT5fN3BEkRuFlxVyNx8jOKIIhmC4fSkTcPcf8JyavbBwIe6OpiCOBXt/IcA==}
    engines: {node: '>=6.0.0'}
    hasBin: true

  '@babel/types@7.26.3':
    resolution: {integrity: sha512-vN5p+1kl59GVKMvTHt55NzzmYVxprfJD+ql7U9NFIfKCBkYE55LYtS+WtPlaYOyzydrKI8Nezd+aZextrd+FMA==}
    engines: {node: '>=6.9.0'}

  '@jridgewell/sourcemap-codec@1.5.0':
    resolution: {integrity: sha512-gv3ZRaISU3fjPAgNsriBRqGWQL6quFx04YMPW/zD8XMLsU32mhCCbfbO6KZFLjvYpCZ8zyDEgqsgf+PwPaM7GQ==}

  '@module-federation/runtime-tools@0.5.1':
    resolution: {integrity: sha512-nfBedkoZ3/SWyO0hnmaxuz0R0iGPSikHZOAZ0N/dVSQaIzlffUo35B5nlC2wgWIc0JdMZfkwkjZRrnuuDIJbzg==}

  '@module-federation/runtime@0.5.1':
    resolution: {integrity: sha512-xgiMUWwGLWDrvZc9JibuEbXIbhXg6z2oUkemogSvQ4LKvrl/n0kbqP1Blk669mXzyWbqtSp6PpvNdwaE1aN5xQ==}

  '@module-federation/sdk@0.5.1':
    resolution: {integrity: sha512-exvchtjNURJJkpqjQ3/opdbfeT2wPKvrbnGnyRkrwW5o3FH1LaST1tkiNviT6OXTexGaVc2DahbdniQHVtQ7pA==}

  '@module-federation/webpack-bundler-runtime@0.5.1':
    resolution: {integrity: sha512-mMhRFH0k2VjwHt3Jol9JkUsmI/4XlrAoBG3E0o7HoyoPYv1UFOWyqAflfANcUPgbYpvqmyLzDcO+3IT36LXnrA==}

  '@rsbuild/core@1.1.10':
    resolution: {integrity: sha512-G0aVnoMSIZ4PNcW07tKtsOSoID9M03EAnCThRmUWMj1RXDqhbGje6AFBwGun9uz63bdxYEbEp9C8wH7dGi8aYQ==}
    engines: {node: '>=16.7.0'}
    hasBin: true

  '@rslib/core@0.1.4':
    resolution: {integrity: sha512-JyjSDxLTQmYg7UCASPOdjIY8VzNLsV2XR/liwdVf81nhendm2BuGB30wn76WEK0wxTkBZ1mPufwRCal0NMsjZw==}
    engines: {node: '>=16.0.0'}
    hasBin: true
    peerDependencies:
      '@microsoft/api-extractor': ^7
      typescript: ^5
    peerDependenciesMeta:
      '@microsoft/api-extractor':
        optional: true
      typescript:
        optional: true

  '@rspack/binding-darwin-arm64@1.1.6':
    resolution: {integrity: sha512-x9dxm2yyiMuL1FBwvWNNMs2/mEUJmRoSRgYb8pblR7HDaTRORrjBFCqhaYlGyAqtQaeUy7o2VAQlE0BavIiFYA==}
    cpu: [arm64]
    os: [darwin]

  '@rspack/binding-darwin-x64@1.1.6':
    resolution: {integrity: sha512-o0seilveftGiDjy3VPxug20HmAgYyQbNEuagR3i93/t/PT/eWXHnik+C1jjwqcivZL1Zllqvy4tbZw393aROEQ==}
    cpu: [x64]
    os: [darwin]

  '@rspack/binding-linux-arm64-gnu@1.1.6':
    resolution: {integrity: sha512-4atnoknJx/c3KaQElsMIxHMpPf2jcRRdWsH/SdqJIRSrkWWakMK9Yv4TFwH680I4HDTMf1XLboMVScHzW8e+Mg==}
    cpu: [arm64]
    os: [linux]

  '@rspack/binding-linux-arm64-musl@1.1.6':
    resolution: {integrity: sha512-7QMtwUtgFpt3/Y3/X18fSyN+kk4H8ZnZ8tDzQskVWc/j2AQYShZq56XQYqrhClzwujcCVAHauIQ2eiuJ2ASGag==}
    cpu: [arm64]
    os: [linux]

  '@rspack/binding-linux-x64-gnu@1.1.6':
    resolution: {integrity: sha512-MTjDEfPn4TwHoqs5d5Fck06kmXiTHZctGIcRVfrpg0RK0r1NLEHN+oosavRZ9c9H70f34+NmcHk+/qvV4c8lWg==}
    cpu: [x64]
    os: [linux]

  '@rspack/binding-linux-x64-musl@1.1.6':
    resolution: {integrity: sha512-LqDw7PTVr/4ZuGA0izgDQfamfr72USFHltR1Qhy2YVC3JmDmhG/pQi13LHcOLVaGH1xoeyCmEPNJpVizzDxSjg==}
    cpu: [x64]
    os: [linux]

  '@rspack/binding-win32-arm64-msvc@1.1.6':
    resolution: {integrity: sha512-RHApLM93YN0WdHpS35u2cm7VCqZ8Yg3CrNRL16VJtyT9e6MBqeScoe4XIgIWKPm7edFyedYAjLX0wQOApwfjkg==}
    cpu: [arm64]
    os: [win32]

  '@rspack/binding-win32-ia32-msvc@1.1.6':
    resolution: {integrity: sha512-Y6lx4q0eJawRfMPBo/AclTJAPTZ325DSPFBQJB3TnWh9Z2X7P7pQcYc8PHDmfDuYRIdg5WRsQRvVxihSvF7v8w==}
    cpu: [ia32]
    os: [win32]

  '@rspack/binding-win32-x64-msvc@1.1.6':
    resolution: {integrity: sha512-UuCsfhC/yNuU7xLASOxNXcmsXi2ZvBX14GkxvcdChw6q7IIGNYUKXo1zgR8C1PE/6qDSxmLxbRMS+71d0H3HQg==}
    cpu: [x64]
    os: [win32]

  '@rspack/binding@1.1.6':
    resolution: {integrity: sha512-vfeBEgGOYVwqj5cQjGyvdfrr/BEihAHlyIsobL98FZjTF0uig+bj2yJUH5Ib5F0BpIUKVG3Pw0IjlUBqcVpZsQ==}

  '@rspack/core@1.1.6':
    resolution: {integrity: sha512-q0VLphOF5VW2FEG7Vbdq3Ke4I74FbELE/8xmKghSalFtULLZ44SoSz8lyotfMim9GXIRFhDokAaH8WICmPxG+g==}
    engines: {node: '>=16.0.0'}
    peerDependencies:
      '@swc/helpers': '>=0.5.1'
    peerDependenciesMeta:
      '@swc/helpers':
        optional: true

  '@rspack/lite-tapable@1.0.1':
    resolution: {integrity: sha512-VynGOEsVw2s8TAlLf/uESfrgfrq2+rcXB1muPJYBWbsm1Oa6r5qVQhjA5ggM6z/coYPrsVMgovl3Ff7Q7OCp1w==}
    engines: {node: '>=16.0.0'}

  '@swc/helpers@0.5.15':
    resolution: {integrity: sha512-JQ5TuMi45Owi4/BIMAJBoSQoOJu12oOk/gADqlcUL9JEdHB8vyjUSsxqeNXnmXHjYKMi2WcYtezGEEhqUI/E2g==}

  '@types/node@22.10.2':
    resolution: {integrity: sha512-Xxr6BBRCAOQixvonOye19wnzyDiUtTeqldOOmj3CkeblonbccA12PFwlufvRdrpjXxqnmUaeiU5EOA+7s5diUQ==}

  '@vue/compiler-core@3.5.13':
    resolution: {integrity: sha512-oOdAkwqUfW1WqpwSYJce06wvt6HljgY3fGeM9NcVA1HaYOij3mZG9Rkysn0OHuyUAGMbEbARIpsG+LPVlBJ5/Q==}

  '@vue/compiler-dom@3.5.13':
    resolution: {integrity: sha512-ZOJ46sMOKUjO3e94wPdCzQ6P1Lx/vhp2RSvfaab88Ajexs0AHeV0uasYhi99WPaogmBlRHNRuly8xV75cNTMDA==}

  '@vue/compiler-sfc@3.5.13':
    resolution: {integrity: sha512-6VdaljMpD82w6c2749Zhf5T9u5uLBWKnVue6XWxprDobftnletJ8+oel7sexFfM3qIxNmVE7LSFGTpv6obNyaQ==}

  '@vue/compiler-ssr@3.5.13':
    resolution: {integrity: sha512-wMH6vrYHxQl/IybKJagqbquvxpWCuVYpoUJfCqFZwa/JY1GdATAQ+TgVtgrwwMZ0D07QhA99rs/EAAWfvG6KpA==}

  '@vue/reactivity@3.5.13':
    resolution: {integrity: sha512-NaCwtw8o48B9I6L1zl2p41OHo/2Z4wqYGGIK1Khu5T7yxrn+ATOixn/Udn2m+6kZKB/J7cuT9DbWWhRxqixACg==}

  '@vue/runtime-core@3.5.13':
    resolution: {integrity: sha512-Fj4YRQ3Az0WTZw1sFe+QDb0aXCerigEpw418pw1HBUKFtnQHWzwojaukAs2X/c9DQz4MQ4bsXTGlcpGxU/RCIw==}

  '@vue/runtime-dom@3.5.13':
    resolution: {integrity: sha512-dLaj94s93NYLqjLiyFzVs9X6dWhTdAlEAciC3Moq7gzAc13VJUdCnjjRurNM6uTLFATRHexHCTu/Xp3eW6yoog==}

  '@vue/server-renderer@3.5.13':
    resolution: {integrity: sha512-wAi4IRJV/2SAW3htkTlB+dHeRmpTiVIK1OGLWV1yeStVSebSQQOwGwIq0D3ZIoBj2C2qpgz5+vX9iEBkTdk5YA==}
    peerDependencies:
      vue: 3.5.13

  '@vue/shared@3.5.13':
    resolution: {integrity: sha512-/hnE/qP5ZoGpol0a5mDi45bOd7t3tjYJBjsgCsivow7D48cJeV5l05RD82lPqi7gRiphZM37rnhW1l6ZoCNNnQ==}

  asynckit@0.4.0:
    resolution: {integrity: sha512-Oei9OH4tRh0YqU3GxhX79dM/mwVgvbZJaSNaRk+bshkj0S5cfHcgYakreBjrHwatXKbz+IoIdYLxrKim2MjW0Q==}

  axios@1.7.9:
    resolution: {integrity: sha512-LhLcE7Hbiryz8oMDdDptSrWowmB4Bl6RCt6sIJKpRB4XtVf0iEgewX3au/pJqm+Py1kCASkb/FFKjxQaLtxJvw==}

  caniuse-lite@1.0.30001689:
    resolution: {integrity: sha512-CmeR2VBycfa+5/jOfnp/NpWPGd06nf1XYiefUvhXFfZE4GkRc9jv+eGPS4nT558WS/8lYCzV8SlANCIPvbWP1g==}

  combined-stream@1.0.8:
    resolution: {integrity: sha512-FQN4MRfuJeHf7cBbBMJFXhKSDq+2kAArBlmRBvcvFE5BB1HZKXtSFASDhdlz9zOYwxh8lDdnvmMOe/+5cdoEdg==}
    engines: {node: '>= 0.8'}

  core-js@3.39.0:
    resolution: {integrity: sha512-raM0ew0/jJUqkJ0E6e8UDtl+y/7ktFivgWvqw8dNSQeNWoSDLvQ1H/RN3aPXB9tBd4/FhyR4RDPGhsNIMsAn7g==}

  csstype@3.1.3:
    resolution: {integrity: sha512-M1uQkMl8rQK/szD0LNhtqxIPLpimGm8sOBwU7lLnCpSbTyY3yeU1Vc7l4KT5zT4s/yOxHH5O7tIuuLOCnLADRw==}

  delayed-stream@1.0.0:
    resolution: {integrity: sha512-ZySD7Nf91aLB0RxL4KGrKHBXl7Eds1DAmEdcoVawXnLD7SDhpNgtuII2aAkg7a7QS41jxPSZ17p4VdGnMHk3MQ==}
    engines: {node: '>=0.4.0'}

  entities@4.5.0:
    resolution: {integrity: sha512-V0hjH4dGPh9Ao5p0MoRY6BVqtwCjhz6vI5LT8AJ55H+4g9/4vbHx1I54fS0XuclLhDHArPQCiMjDxjaL8fPxhw==}
    engines: {node: '>=0.12'}

  estree-walker@2.0.2:
    resolution: {integrity: sha512-Rfkk/Mp/DL7JVje3u18FxFujQlTNR2q6QfMSMB7AvCBx91NGj/ba3kCfza0f6dVDbw7YlRf/nDrn7pQrCCyQ/w==}

  fdir@6.4.2:
    resolution: {integrity: sha512-KnhMXsKSPZlAhp7+IjUkRZKPb4fUyccpDrdFXbi4QL1qkmFh9kVY09Yox+n4MaOb3lHZ1Tv829C3oaaXoMYPDQ==}
    peerDependencies:
      picomatch: ^3 || ^4
    peerDependenciesMeta:
      picomatch:
        optional: true

  follow-redirects@1.15.9:
    resolution: {integrity: sha512-gew4GsXizNgdoRyqmyfMHyAmXsZDk6mHkSxZFCzW9gwlbtOW44CDtYavM+y+72qD/Vq2l550kMF52DT8fOLJqQ==}
    engines: {node: '>=4.0'}
    peerDependencies:
      debug: '*'
    peerDependenciesMeta:
      debug:
        optional: true

  form-data@4.0.1:
    resolution: {integrity: sha512-tzN8e4TX8+kkxGPK8D5u0FNmjPUjw3lwC9lSLxxoB/+GtsJG91CO8bSWy73APlgAZzZbXEYZJuxjkHH2w+Ezhw==}
    engines: {node: '>= 6'}

  magic-string@0.30.17:
    resolution: {integrity: sha512-sNPKHvyjVf7gyjwS4xGTaW/mCnF8wnjtifKBEhxfZ7E/S8tQ0rssrwGNn6q8JH/ohItJfSQp9mBtQYuTlH5QnA==}

  mime-db@1.52.0:
    resolution: {integrity: sha512-sPU4uV7dYlvtWJxwwxHD0PuihVNiE7TyAbQ5SWxDCB9mUYvOgroQOwYQQOKPJ8CIbE+1ETVlOoK1UC2nU3gYvg==}
    engines: {node: '>= 0.6'}

  mime-types@2.1.35:
    resolution: {integrity: sha512-ZDY+bPm5zTTF+YpCrAU9nK0UgICYPT0QtT1NZWFv4s++TNkcgVaT0g6+4R2uI4MjQjzysHB1zxuWL50hzaeXiw==}
    engines: {node: '>= 0.6'}

  nanoid@3.3.8:
    resolution: {integrity: sha512-WNLf5Sd8oZxOm+TzppcYk8gVOgP+l58xNy58D0nbUnOxOWRWvlcCV4kUF7ltmI6PsrLl/BgKEyS4mqsGChFN0w==}
    engines: {node: ^10 || ^12 || ^13.7 || ^14 || >=15.0.1}
    hasBin: true

  picocolors@1.1.1:
    resolution: {integrity: sha512-xceH2snhtb5M9liqDsmEw56le376mTZkEX/jEb/RxNFyegNul7eNslCXP9FDj/Lcu0X8KEyMceP2ntpaHrDEVA==}

  picomatch@4.0.2:
    resolution: {integrity: sha512-M7BAV6Rlcy5u+m6oPhAPFgJTzAioX/6B0DxyvDlo9l8+T3nLKbrczg2WLUyzd45L8RqfUMyGPzekbMvX2Ldkwg==}
    engines: {node: '>=12'}

  postcss@8.4.49:
    resolution: {integrity: sha512-OCVPnIObs4N29kxTjzLfUryOkvZEq+pf8jTF0lg8E7uETuWHA+v7j3c/xJmiqpX450191LlmZfUKkXxkTry7nA==}
    engines: {node: ^10 || ^12 || >=14}

  proxy-from-env@1.1.0:
    resolution: {integrity: sha512-D+zkORCbA9f1tdWRK0RaCR3GPv50cMxcrz4X8k5LTSUD1Dkw47mKJEZQNunItRTkWwgtaUSo1RVFRIG9ZXiFYg==}

  rsbuild-plugin-dts@0.1.4:
    resolution: {integrity: sha512-jqhkHGeswhH1Jfc/5zDX01UhrCwImquVjuZZXnAa34Cx0SEB+938WBIpAkyx3UEq7QLQDSII2z3pZ9cD/bpCTg==}
    engines: {node: '>=16.0.0'}
    peerDependencies:
      '@microsoft/api-extractor': ^7
      '@rsbuild/core': 1.x
      typescript: ^5
    peerDependenciesMeta:
      '@microsoft/api-extractor':
        optional: true
      typescript:
        optional: true

  source-map-js@1.2.1:
    resolution: {integrity: sha512-UXWMKhLOwVKb728IUtQPXxfYU+usdybtUrK/8uGE8CQMvrhOpwvzDBwj0QhSL7MQc7vIsISBG8VQ8+IDQxpfQA==}
    engines: {node: '>=0.10.0'}

  tinyglobby@0.2.10:
    resolution: {integrity: sha512-Zc+8eJlFMvgatPZTl6A9L/yht8QqdmUNtURHaKZLmKBE12hNPSrqNkUp2cs3M/UKmNVVAMFQYSjYIVHDjW5zew==}
    engines: {node: '>=12.0.0'}

  tslib@2.8.1:
    resolution: {integrity: sha512-oJFu94HQb+KVduSUQL7wnpmqnfmLsOA/nAh6b6EH0wCEoK0/mPeXU6c3wKDV83MkOuHPRHtSXKKU99IBazS/2w==}

  typescript@5.7.2:
    resolution: {integrity: sha512-i5t66RHxDvVN40HfDd1PsEThGNnlMCMT3jMUuoh9/0TaqWevNontacunWyN02LA9/fIbEWlcHZcgTKb9QoaLfg==}
    engines: {node: '>=14.17'}
    hasBin: true

  undici-types@6.20.0:
    resolution: {integrity: sha512-Ny6QZ2Nju20vw1SRHe3d9jVu6gJ+4e3+MMpqu7pqE5HT6WsTSlce++GQmK5UXS8mzV8DSYHrQH+Xrf2jVcuKNg==}

  vue@3.5.13:
    resolution: {integrity: sha512-wmeiSMxkZCSc+PM2w2VRsOYAZC8GdipNFRTsLSfodVqI9mbejKeXEGr8SckuLnrQPGe3oJN5c3K0vpoU9q/wCQ==}
    peerDependencies:
      typescript: '*'
    peerDependenciesMeta:
      typescript:
        optional: true

snapshots:

  '@babel/helper-string-parser@7.25.9': {}

  '@babel/helper-validator-identifier@7.25.9': {}

  '@babel/parser@7.26.3':
    dependencies:
      '@babel/types': 7.26.3

  '@babel/types@7.26.3':
    dependencies:
      '@babel/helper-string-parser': 7.25.9
      '@babel/helper-validator-identifier': 7.25.9

  '@jridgewell/sourcemap-codec@1.5.0': {}

  '@module-federation/runtime-tools@0.5.1':
    dependencies:
      '@module-federation/runtime': 0.5.1
      '@module-federation/webpack-bundler-runtime': 0.5.1

  '@module-federation/runtime@0.5.1':
    dependencies:
      '@module-federation/sdk': 0.5.1

  '@module-federation/sdk@0.5.1': {}

  '@module-federation/webpack-bundler-runtime@0.5.1':
    dependencies:
      '@module-federation/runtime': 0.5.1
      '@module-federation/sdk': 0.5.1

  '@rsbuild/core@1.1.10':
    dependencies:
      '@rspack/core': 1.1.6(@swc/helpers@0.5.15)
      '@rspack/lite-tapable': 1.0.1
      '@swc/helpers': 0.5.15
      core-js: 3.39.0

  '@rslib/core@0.1.4(typescript@5.7.2)':
    dependencies:
      '@rsbuild/core': 1.1.10
      rsbuild-plugin-dts: 0.1.4(@rsbuild/core@1.1.10)(typescript@5.7.2)
      tinyglobby: 0.2.10
    optionalDependencies:
      typescript: 5.7.2

  '@rspack/binding-darwin-arm64@1.1.6':
    optional: true

  '@rspack/binding-darwin-x64@1.1.6':
    optional: true

  '@rspack/binding-linux-arm64-gnu@1.1.6':
    optional: true

  '@rspack/binding-linux-arm64-musl@1.1.6':
    optional: true

  '@rspack/binding-linux-x64-gnu@1.1.6':
    optional: true

  '@rspack/binding-linux-x64-musl@1.1.6':
    optional: true

  '@rspack/binding-win32-arm64-msvc@1.1.6':
    optional: true

  '@rspack/binding-win32-ia32-msvc@1.1.6':
    optional: true

  '@rspack/binding-win32-x64-msvc@1.1.6':
    optional: true

  '@rspack/binding@1.1.6':
    optionalDependencies:
      '@rspack/binding-darwin-arm64': 1.1.6
      '@rspack/binding-darwin-x64': 1.1.6
      '@rspack/binding-linux-arm64-gnu': 1.1.6
      '@rspack/binding-linux-arm64-musl': 1.1.6
      '@rspack/binding-linux-x64-gnu': 1.1.6
      '@rspack/binding-linux-x64-musl': 1.1.6
      '@rspack/binding-win32-arm64-msvc': 1.1.6
      '@rspack/binding-win32-ia32-msvc': 1.1.6
      '@rspack/binding-win32-x64-msvc': 1.1.6

  '@rspack/core@1.1.6(@swc/helpers@0.5.15)':
    dependencies:
      '@module-federation/runtime-tools': 0.5.1
      '@rspack/binding': 1.1.6
      '@rspack/lite-tapable': 1.0.1
      caniuse-lite: 1.0.30001689
    optionalDependencies:
      '@swc/helpers': 0.5.15

  '@rspack/lite-tapable@1.0.1': {}

  '@swc/helpers@0.5.15':
    dependencies:
      tslib: 2.8.1

  '@types/node@22.10.2':
    dependencies:
      undici-types: 6.20.0

  '@vue/compiler-core@3.5.13':
    dependencies:
      '@babel/parser': 7.26.3
      '@vue/shared': 3.5.13
      entities: 4.5.0
      estree-walker: 2.0.2
      source-map-js: 1.2.1

  '@vue/compiler-dom@3.5.13':
    dependencies:
      '@vue/compiler-core': 3.5.13
      '@vue/shared': 3.5.13

  '@vue/compiler-sfc@3.5.13':
    dependencies:
      '@babel/parser': 7.26.3
      '@vue/compiler-core': 3.5.13
      '@vue/compiler-dom': 3.5.13
      '@vue/compiler-ssr': 3.5.13
      '@vue/shared': 3.5.13
      estree-walker: 2.0.2
      magic-string: 0.30.17
      postcss: 8.4.49
      source-map-js: 1.2.1

  '@vue/compiler-ssr@3.5.13':
    dependencies:
      '@vue/compiler-dom': 3.5.13
      '@vue/shared': 3.5.13

  '@vue/reactivity@3.5.13':
    dependencies:
      '@vue/shared': 3.5.13

  '@vue/runtime-core@3.5.13':
    dependencies:
      '@vue/reactivity': 3.5.13
      '@vue/shared': 3.5.13

  '@vue/runtime-dom@3.5.13':
    dependencies:
      '@vue/reactivity': 3.5.13
      '@vue/runtime-core': 3.5.13
      '@vue/shared': 3.5.13
      csstype: 3.1.3

  '@vue/server-renderer@3.5.13(vue@3.5.13(typescript@5.7.2))':
    dependencies:
      '@vue/compiler-ssr': 3.5.13
      '@vue/shared': 3.5.13
      vue: 3.5.13(typescript@5.7.2)

  '@vue/shared@3.5.13': {}

  asynckit@0.4.0: {}

  axios@1.7.9:
    dependencies:
      follow-redirects: 1.15.9
      form-data: 4.0.1
      proxy-from-env: 1.1.0
    transitivePeerDependencies:
      - debug

  caniuse-lite@1.0.30001689: {}

  combined-stream@1.0.8:
    dependencies:
      delayed-stream: 1.0.0

  core-js@3.39.0: {}

  csstype@3.1.3: {}

  delayed-stream@1.0.0: {}

  entities@4.5.0: {}

  estree-walker@2.0.2: {}

  fdir@6.4.2(picomatch@4.0.2):
    optionalDependencies:
      picomatch: 4.0.2

  follow-redirects@1.15.9: {}

  form-data@4.0.1:
    dependencies:
      asynckit: 0.4.0
      combined-stream: 1.0.8
      mime-types: 2.1.35

  magic-string@0.30.17:
    dependencies:
      '@jridgewell/sourcemap-codec': 1.5.0

  mime-db@1.52.0: {}

  mime-types@2.1.35:
    dependencies:
      mime-db: 1.52.0

  nanoid@3.3.8: {}

  picocolors@1.1.1: {}

  picomatch@4.0.2: {}

  postcss@8.4.49:
    dependencies:
      nanoid: 3.3.8
      picocolors: 1.1.1
      source-map-js: 1.2.1

  proxy-from-env@1.1.0: {}

  rsbuild-plugin-dts@0.1.4(@rsbuild/core@1.1.10)(typescript@5.7.2):
    dependencies:
      '@rsbuild/core': 1.1.10
      magic-string: 0.30.17
      picocolors: 1.1.1
      tinyglobby: 0.2.10
    optionalDependencies:
      typescript: 5.7.2

  source-map-js@1.2.1: {}

  tinyglobby@0.2.10:
    dependencies:
      fdir: 6.4.2(picomatch@4.0.2)
      picomatch: 4.0.2

  tslib@2.8.1: {}

  typescript@5.7.2: {}

  undici-types@6.20.0: {}

  vue@3.5.13(typescript@5.7.2):
    dependencies:
      '@vue/compiler-dom': 3.5.13
      '@vue/compiler-sfc': 3.5.13
      '@vue/runtime-dom': 3.5.13
      '@vue/server-renderer': 3.5.13(vue@3.5.13(typescript@5.7.2))
      '@vue/shared': 3.5.13
    optionalDependencies:
      typescript: 5.7.2
